
Microsoft Visual Studio Solution File, Format Version 12.00
# Visual Studio Version 17
VisualStudioVersion = 17.1.31911.260
MinimumVisualStudioVersion = 10.0.40219.1
Project("{FAE04EC0-301F-11D3-BF4B-00C04F79EFBC}") = "BrasilCashTest", "BrasilCashTest\BrasilCashTest.csproj", "{F8DCCCE0-2736-4AC1-BA2B-9B7C5B3E2886}"
EndProject
Global
	GlobalSection(SolutionConfigurationPlatforms) = preSolution
		Debug|Any CPU = Debug|Any CPU
		Release|Any CPU = Release|Any CPU
	EndGlobalSection
	GlobalSection(ProjectConfigurationPlatforms) = postSolution
		{F8DCCCE0-2736-4AC1-BA2B-9B7C5B3E2886}.Debug|Any CPU.ActiveCfg = Debug|Any CPU
		{F8DCCCE0-2736-4AC1-BA2B-9B7C5B3E2886}.Debug|Any CPU.Build.0 = Debug|Any CPU
		{F8DCCCE0-2736-4AC1-BA2B-9B7C5B3E2886}.Release|Any CPU.ActiveCfg = Release|Any CPU
		{F8DCCCE0-2736-4AC1-BA2B-9B7C5B3E2886}.Release|Any CPU.Build.0 = Release|Any CPU
	EndGlobalSection
	GlobalSection(SolutionProperties) = preSolution
		HideSolutionNode = FALSE
	EndGlobalSection
	GlobalSection(ExtensibilityGlobals) = postSolution
		SolutionGuid = {762D408D-9081-4F3B-A770-C0C90A1703BD}
	EndGlobalSection
EndGlobal
